
Microsoft Visual Studio Solution File, Format Version 12.00
# Visual Studio Version 16
VisualStudioVersion = 16.0.30204.135
MinimumVisualStudioVersion = 10.0.40219.1
Project("{9A19103F-16F7-4668-BE54-9A1E7A4F7556}") = "158B-Taxi", "Codeforces8\158B-Taxi.csproj", "{5877DE64-6052-44BF-9B02-E2C77AF84FAB}"
EndProject
Project("{FAE04EC0-301F-11D3-BF4B-00C04F79EFBC}") = "334A-CandyBags", "334A-CandyBags\334A-CandyBags.csproj", "{927841C9-7A98-4B6F-A22E-D770C6969593}"
EndProject
Global
	GlobalSection(SolutionConfigurationPlatforms) = preSolution
		Debug|Any CPU = Debug|Any CPU
		Release|Any CPU = Release|Any CPU
	EndGlobalSection
	GlobalSection(ProjectConfigurationPlatforms) = postSolution
		{5877DE64-6052-44BF-9B02-E2C77AF84FAB}.Debug|Any CPU.ActiveCfg = Debug|Any CPU
		{5877DE64-6052-44BF-9B02-E2C77AF84FAB}.Debug|Any CPU.Build.0 = Debug|Any CPU
		{5877DE64-6052-44BF-9B02-E2C77AF84FAB}.Release|Any CPU.ActiveCfg = Release|Any CPU
		{5877DE64-6052-44BF-9B02-E2C77AF84FAB}.Release|Any CPU.Build.0 = Release|Any CPU
		{927841C9-7A98-4B6F-A22E-D770C6969593}.Debug|Any CPU.ActiveCfg = Debug|Any CPU
		{927841C9-7A98-4B6F-A22E-D770C6969593}.Debug|Any CPU.Build.0 = Debug|Any CPU
		{927841C9-7A98-4B6F-A22E-D770C6969593}.Release|Any CPU.ActiveCfg = Release|Any CPU
		{927841C9-7A98-4B6F-A22E-D770C6969593}.Release|Any CPU.Build.0 = Release|Any CPU
	EndGlobalSection
	GlobalSection(SolutionProperties) = preSolution
		HideSolutionNode = FALSE
	EndGlobalSection
	GlobalSection(ExtensibilityGlobals) = postSolution
		SolutionGuid = {F40A546F-E506-4329-99AB-6EC2208F0896}
	EndGlobalSection
EndGlobal
